
Microsoft Visual Studio Solution File, Format Version 12.00
# Visual Studio 2013
VisualStudioVersion = 12.0.21005.1
MinimumVisualStudioVersion = 10.0.40219.1
Project("{FAE04EC0-301F-11D3-BF4B-00C04F79EFBC}") = "DistTransServices", "DistTransServices\DistTransServices.csproj", "{F0D046B0-44F1-4229-8311-ADF632A5F9AA}"
EndProject
Project("{FAE04EC0-301F-11D3-BF4B-00C04F79EFBC}") = "TistTransApp", "TistTransApp\TistTransApp.csproj", "{1AC053EE-A276-42F4-880A-96DABBB0AFD2}"
EndProject
Project("{FAE04EC0-301F-11D3-BF4B-00C04F79EFBC}") = "DistTransClient", "DistTransClient\DistTransClient.csproj", "{0BBC6D36-F2ED-4263-8EE0-83FEE348CB5A}"
EndProject
Project("{FAE04EC0-301F-11D3-BF4B-00C04F79EFBC}") = "DistTransDto", "DistTransDto\DistTransDto.csproj", "{720DE97E-1EA5-48DC-AACB-EA1881039E8E}"
EndProject
Project("{2150E333-8FDC-42A3-9474-1A3956D46DE8}") = "Solution Items", "Solution Items", "{42CC30FE-56E3-44DA-9A35-31B2CA0A11D9}"
	ProjectSection(SolutionItems) = preProject
		README.md = README.md
	EndProjectSection
EndProject
Global
	GlobalSection(SolutionConfigurationPlatforms) = preSolution
		Debug|Any CPU = Debug|Any CPU
		Release|Any CPU = Release|Any CPU
	EndGlobalSection
	GlobalSection(ProjectConfigurationPlatforms) = postSolution
		{F0D046B0-44F1-4229-8311-ADF632A5F9AA}.Debug|Any CPU.ActiveCfg = Debug|Any CPU
		{F0D046B0-44F1-4229-8311-ADF632A5F9AA}.Debug|Any CPU.Build.0 = Debug|Any CPU
		{F0D046B0-44F1-4229-8311-ADF632A5F9AA}.Release|Any CPU.ActiveCfg = Release|Any CPU
		{F0D046B0-44F1-4229-8311-ADF632A5F9AA}.Release|Any CPU.Build.0 = Release|Any CPU
		{1AC053EE-A276-42F4-880A-96DABBB0AFD2}.Debug|Any CPU.ActiveCfg = Debug|Any CPU
		{1AC053EE-A276-42F4-880A-96DABBB0AFD2}.Debug|Any CPU.Build.0 = Debug|Any CPU
		{1AC053EE-A276-42F4-880A-96DABBB0AFD2}.Release|Any CPU.ActiveCfg = Release|Any CPU
		{1AC053EE-A276-42F4-880A-96DABBB0AFD2}.Release|Any CPU.Build.0 = Release|Any CPU
		{0BBC6D36-F2ED-4263-8EE0-83FEE348CB5A}.Debug|Any CPU.ActiveCfg = Debug|Any CPU
		{0BBC6D36-F2ED-4263-8EE0-83FEE348CB5A}.Debug|Any CPU.Build.0 = Debug|Any CPU
		{0BBC6D36-F2ED-4263-8EE0-83FEE348CB5A}.Release|Any CPU.ActiveCfg = Release|Any CPU
		{0BBC6D36-F2ED-4263-8EE0-83FEE348CB5A}.Release|Any CPU.Build.0 = Release|Any CPU
		{720DE97E-1EA5-48DC-AACB-EA1881039E8E}.Debug|Any CPU.ActiveCfg = Debug|Any CPU
		{720DE97E-1EA5-48DC-AACB-EA1881039E8E}.Debug|Any CPU.Build.0 = Debug|Any CPU
		{720DE97E-1EA5-48DC-AACB-EA1881039E8E}.Release|Any CPU.ActiveCfg = Release|Any CPU
		{720DE97E-1EA5-48DC-AACB-EA1881039E8E}.Release|Any CPU.Build.0 = Release|Any CPU
	EndGlobalSection
	GlobalSection(SolutionProperties) = preSolution
		HideSolutionNode = FALSE
	EndGlobalSection
EndGlobal
